github.com/gethugothemes/hugo-modules/gallery-slider v0.0.0-20250702070945-cd8319c6b26e h1:NgDMR7siU4Co054+OtF3mbm5LZxeILQM7RxGWZQWsFk=
github.com/gethugothemes/hugo-modules/gallery-slider v0.0.0-20250702070945-cd8319c6b26e/go.mod h1:MvQ2js/ofZ22CTX5wuvE+dC0rMe6C5HAWL2fEOu/yzE=
github.com/jpanther/congo/v2 v2.12.2 h1:dr7oI/as+g+FJ6zVLZ3LSVOSRlsJjSsvTO6YP4zbOsQ=
github.com/jpanther/congo/v2 v2.12.2/go.mod h1:1S7DRoO1ZYS4YUdFd1LjTkdyjQwsjFWd8TqSfz3Jd+M=
